Microsoft Visual Studio Solution File, Format Version 12.00
# Visual Studio 2012
Project("{FAE04EC0-301F-11D3-BF4B-00C04F79EFBC}") = "Mansion", "Mansion.csproj", "{03B5D76B-7E72-4406-8F28-703EFB381E4A}"
EndProject
Global
	GlobalSection(SolutionConfigurationPlatforms) = preSolution
	Debug|Any CPU = Debug|Any CPU
	ExportDebug|Any CPU = ExportDebug|Any CPU
	ExportRelease|Any CPU = ExportRelease|Any CPU
	EndGlobalSection
	GlobalSection(ProjectConfigurationPlatforms) = postSolution
		{03B5D76B-7E72-4406-8F28-703EFB381E4A}.Debug|Any CPU.ActiveCfg = Debug|Any CPU
		{03B5D76B-7E72-4406-8F28-703EFB381E4A}.Debug|Any CPU.Build.0 = Debug|Any CPU
		{03B5D76B-7E72-4406-8F28-703EFB381E4A}.ExportDebug|Any CPU.ActiveCfg = ExportDebug|Any CPU
		{03B5D76B-7E72-4406-8F28-703EFB381E4A}.ExportDebug|Any CPU.Build.0 = ExportDebug|Any CPU
		{03B5D76B-7E72-4406-8F28-703EFB381E4A}.ExportRelease|Any CPU.ActiveCfg = ExportRelease|Any CPU
		{03B5D76B-7E72-4406-8F28-703EFB381E4A}.ExportRelease|Any CPU.Build.0 = ExportRelease|Any CPU
	EndGlobalSection
EndGlobal
